
Microsoft Visual Studio Solution File, Format Version 12.00
# Visual Studio Version 17
VisualStudioVersion = 17.7.34003.232
MinimumVisualStudioVersion = 10.0.40219.1
Project("{FAE04EC0-301F-11D3-BF4B-00C04F79EFBC}") = "Casting_Kohnen_Christian", "Casting_Kohnen_Christian.csproj", "{C39A779A-81D7-4DEF-B41F-B6DA03FCD4EC}"
EndProject
Global
	GlobalSection(SolutionConfigurationPlatforms) = preSolution
		Debug|Any CPU = Debug|Any CPU
		Release|Any CPU = Release|Any CPU
	EndGlobalSection
	GlobalSection(ProjectConfigurationPlatforms) = postSolution
		{C39A779A-81D7-4DEF-B41F-B6DA03FCD4EC}.Debug|Any CPU.ActiveCfg = Debug|Any CPU
		{C39A779A-81D7-4DEF-B41F-B6DA03FCD4EC}.Debug|Any CPU.Build.0 = Debug|Any CPU
		{C39A779A-81D7-4DEF-B41F-B6DA03FCD4EC}.Release|Any CPU.ActiveCfg = Release|Any CPU
		{C39A779A-81D7-4DEF-B41F-B6DA03FCD4EC}.Release|Any CPU.Build.0 = Release|Any CPU
	EndGlobalSection
	GlobalSection(SolutionProperties) = preSolution
		HideSolutionNode = FALSE
	EndGlobalSection
	GlobalSection(ExtensibilityGlobals) = postSolution
		SolutionGuid = {75581E58-D8AE-4FA2-B032-29F0DA7F7DBF}
	EndGlobalSection
EndGlobal
