
Microsoft Visual Studio Solution File, Format Version 12.00
# Visual Studio Version 17
VisualStudioVersion = 17.7.34003.232
MinimumVisualStudioVersion = 10.0.40219.1
Project("{FAE04EC0-301F-11D3-BF4B-00C04F79EFBC}") = "HelloWorld_KohnenChristian", "HelloWorld_KohnenChristian.csproj", "{5E59149D-C5EC-4C5C-91AD-13FA171138AF}"
EndProject
Global
	GlobalSection(SolutionConfigurationPlatforms) = preSolution
		Debug|Any CPU = Debug|Any CPU
		Release|Any CPU = Release|Any CPU
	EndGlobalSection
	GlobalSection(ProjectConfigurationPlatforms) = postSolution
		{5E59149D-C5EC-4C5C-91AD-13FA171138AF}.Debug|Any CPU.ActiveCfg = Debug|Any CPU
		{5E59149D-C5EC-4C5C-91AD-13FA171138AF}.Debug|Any CPU.Build.0 = Debug|Any CPU
		{5E59149D-C5EC-4C5C-91AD-13FA171138AF}.Release|Any CPU.ActiveCfg = Release|Any CPU
		{5E59149D-C5EC-4C5C-91AD-13FA171138AF}.Release|Any CPU.Build.0 = Release|Any CPU
	EndGlobalSection
	GlobalSection(SolutionProperties) = preSolution
		HideSolutionNode = FALSE
	EndGlobalSection
	GlobalSection(ExtensibilityGlobals) = postSolution
		SolutionGuid = {D0FE20C5-7892-4A64-98A9-2C90687C53F7}
	EndGlobalSection
EndGlobal
