
Microsoft Visual Studio Solution File, Format Version 12.00
# Visual Studio Version 17
VisualStudioVersion = 17.7.34003.232
MinimumVisualStudioVersion = 10.0.40219.1
Project("{FAE04EC0-301F-11D3-BF4B-00C04F79EFBC}") = "Operators_Kohnen_Christian", "Operators_Kohnen_Christian.csproj", "{D0DA0A89-AFD0-4091-8251-12DF7174C2F4}"
EndProject
Global
	GlobalSection(SolutionConfigurationPlatforms) = preSolution
		Debug|Any CPU = Debug|Any CPU
		Release|Any CPU = Release|Any CPU
	EndGlobalSection
	GlobalSection(ProjectConfigurationPlatforms) = postSolution
		{D0DA0A89-AFD0-4091-8251-12DF7174C2F4}.Debug|Any CPU.ActiveCfg = Debug|Any CPU
		{D0DA0A89-AFD0-4091-8251-12DF7174C2F4}.Debug|Any CPU.Build.0 = Debug|Any CPU
		{D0DA0A89-AFD0-4091-8251-12DF7174C2F4}.Release|Any CPU.ActiveCfg = Release|Any CPU
		{D0DA0A89-AFD0-4091-8251-12DF7174C2F4}.Release|Any CPU.Build.0 = Release|Any CPU
	EndGlobalSection
	GlobalSection(SolutionProperties) = preSolution
		HideSolutionNode = FALSE
	EndGlobalSection
	GlobalSection(ExtensibilityGlobals) = postSolution
		SolutionGuid = {E5AA0E13-B127-4226-8067-08B11B8FC367}
	EndGlobalSection
EndGlobal
