
Microsoft Visual Studio Solution File, Format Version 12.00
# Visual Studio Version 17
VisualStudioVersion = 17.7.34003.232
MinimumVisualStudioVersion = 10.0.40219.1
Project("{FAE04EC0-301F-11D3-BF4B-00C04F79EFBC}") = "Arrays_Kohnen_Christian", "Arrays_Kohnen_Christian.csproj", "{66E0130E-D1D4-4A42-9F96-EE88B7D0F611}"
EndProject
Global
	GlobalSection(SolutionConfigurationPlatforms) = preSolution
		Debug|Any CPU = Debug|Any CPU
		Release|Any CPU = Release|Any CPU
	EndGlobalSection
	GlobalSection(ProjectConfigurationPlatforms) = postSolution
		{66E0130E-D1D4-4A42-9F96-EE88B7D0F611}.Debug|Any CPU.ActiveCfg = Debug|Any CPU
		{66E0130E-D1D4-4A42-9F96-EE88B7D0F611}.Debug|Any CPU.Build.0 = Debug|Any CPU
		{66E0130E-D1D4-4A42-9F96-EE88B7D0F611}.Release|Any CPU.ActiveCfg = Release|Any CPU
		{66E0130E-D1D4-4A42-9F96-EE88B7D0F611}.Release|Any CPU.Build.0 = Release|Any CPU
	EndGlobalSection
	GlobalSection(SolutionProperties) = preSolution
		HideSolutionNode = FALSE
	EndGlobalSection
	GlobalSection(ExtensibilityGlobals) = postSolution
		SolutionGuid = {9AC2D75D-619A-49BF-9540-E592DBFF77BF}
	EndGlobalSection
EndGlobal
